{
  "object": {
    "pins": [
      {
        "package": "MorseCoder",
        "repositoryURL": "/Users/hyoungsunpark/Desktop/_PROBLEM2_/MorseCoder",
        "state": {
          "branch": null,
          "revision": "6f0f87ce6f168e6062a8ecb82f40db5f10713a18",
          "version": "2.0.2"
        }
      }
    ]
  },
  "version": 1
}
